
Microsoft Visual Studio Solution File, Format Version 12.00
# Visual Studio Version 17
VisualStudioVersion = 17.13.35828.75 d17.13
MinimumVisualStudioVersion = 10.0.40219.1
Project("{FAE04EC0-301F-11D3-BF4B-00C04F79EFBC}") = "ListLINQ", "ListLINQ\ListLINQ.csproj", "{DAEA2B3A-4160-4521-A00C-5B80DB1C63DB}"
EndProject
Global
	GlobalSection(SolutionConfigurationPlatforms) = preSolution
		Debug|Any CPU = Debug|Any CPU
		Release|Any CPU = Release|Any CPU
	EndGlobalSection
	GlobalSection(ProjectConfigurationPlatforms) = postSolution
		{DAEA2B3A-4160-4521-A00C-5B80DB1C63DB}.Debug|Any CPU.ActiveCfg = Debug|Any CPU
		{DAEA2B3A-4160-4521-A00C-5B80DB1C63DB}.Debug|Any CPU.Build.0 = Debug|Any CPU
		{DAEA2B3A-4160-4521-A00C-5B80DB1C63DB}.Release|Any CPU.ActiveCfg = Release|Any CPU
		{DAEA2B3A-4160-4521-A00C-5B80DB1C63DB}.Release|Any CPU.Build.0 = Release|Any CPU
	EndGlobalSection
	GlobalSection(SolutionProperties) = preSolution
		HideSolutionNode = FALSE
	EndGlobalSection
	GlobalSection(ExtensibilityGlobals) = postSolution
		SolutionGuid = {4DFBBA88-A4DE-46FF-B938-EC3B55D3B249}
	EndGlobalSection
EndGlobal
