
Microsoft Visual Studio Solution File, Format Version 12.00
# Visual Studio Version 17
VisualStudioVersion = 17.13.35828.75 d17.13
MinimumVisualStudioVersion = 10.0.40219.1
Project("{FAE04EC0-301F-11D3-BF4B-00C04F79EFBC}") = "Dictionar", "Dictionar\Dictionar.csproj", "{CE184D2C-34B0-46AA-8CBF-8C601AE9DBE9}"
EndProject
Global
	GlobalSection(SolutionConfigurationPlatforms) = preSolution
		Debug|Any CPU = Debug|Any CPU
		Release|Any CPU = Release|Any CPU
	EndGlobalSection
	GlobalSection(ProjectConfigurationPlatforms) = postSolution
		{CE184D2C-34B0-46AA-8CBF-8C601AE9DBE9}.Debug|Any CPU.ActiveCfg = Debug|Any CPU
		{CE184D2C-34B0-46AA-8CBF-8C601AE9DBE9}.Debug|Any CPU.Build.0 = Debug|Any CPU
		{CE184D2C-34B0-46AA-8CBF-8C601AE9DBE9}.Release|Any CPU.ActiveCfg = Release|Any CPU
		{CE184D2C-34B0-46AA-8CBF-8C601AE9DBE9}.Release|Any CPU.Build.0 = Release|Any CPU
	EndGlobalSection
	GlobalSection(SolutionProperties) = preSolution
		HideSolutionNode = FALSE
	EndGlobalSection
	GlobalSection(ExtensibilityGlobals) = postSolution
		SolutionGuid = {9E8F8AEC-4968-40F6-8FBD-9C7F09ECA603}
	EndGlobalSection
EndGlobal
