
Microsoft Visual Studio Solution File, Format Version 12.00
# Visual Studio Version 17
VisualStudioVersion = 17.13.35828.75 d17.13
MinimumVisualStudioVersion = 10.0.40219.1
Project("{FAE04EC0-301F-11D3-BF4B-00C04F79EFBC}") = "MinMaxSum", "MinMaxSum\MinMaxSum.csproj", "{37DB4897-F357-4506-8063-B3BE8C9D1183}"
EndProject
Global
	GlobalSection(SolutionConfigurationPlatforms) = preSolution
		Debug|Any CPU = Debug|Any CPU
		Release|Any CPU = Release|Any CPU
	EndGlobalSection
	GlobalSection(ProjectConfigurationPlatforms) = postSolution
		{37DB4897-F357-4506-8063-B3BE8C9D1183}.Debug|Any CPU.ActiveCfg = Debug|Any CPU
		{37DB4897-F357-4506-8063-B3BE8C9D1183}.Debug|Any CPU.Build.0 = Debug|Any CPU
		{37DB4897-F357-4506-8063-B3BE8C9D1183}.Release|Any CPU.ActiveCfg = Release|Any CPU
		{37DB4897-F357-4506-8063-B3BE8C9D1183}.Release|Any CPU.Build.0 = Release|Any CPU
	EndGlobalSection
	GlobalSection(SolutionProperties) = preSolution
		HideSolutionNode = FALSE
	EndGlobalSection
	GlobalSection(ExtensibilityGlobals) = postSolution
		SolutionGuid = {C47B3C9C-854A-4120-9787-B4F7E0159065}
	EndGlobalSection
EndGlobal
